
Microsoft Visual Studio Solution File, Format Version 12.00
# Visual Studio Version 17
VisualStudioVersion = 17.9.34701.34
MinimumVisualStudioVersion = 10.0.40219.1
Project("{FAE04EC0-301F-11D3-BF4B-00C04F79EFBC}") = "ArgoCDExampleAPI", "ArgoCDExampleAPI\ArgoCDExampleAPI.csproj", "{9BB51DB5-77EC-474A-BCA2-8D015EEC3611}"
EndProject
Project("{2150E333-8FDC-42A3-9474-1A3956D46DE8}") = "Kubernetes", "Kubernetes", "{9671DF29-16E7-471C-9BC8-BC0FF9ABEE3B}"
	ProjectSection(SolutionItems) = preProject
		deployment.yaml = deployment.yaml
		service.yaml = service.yaml
	EndProjectSection
EndProject
Global
	GlobalSection(SolutionConfigurationPlatforms) = preSolution
		Debug|Any CPU = Debug|Any CPU
		Release|Any CPU = Release|Any CPU
	EndGlobalSection
	GlobalSection(ProjectConfigurationPlatforms) = postSolution
		{9BB51DB5-77EC-474A-BCA2-8D015EEC3611}.Debug|Any CPU.ActiveCfg = Debug|Any CPU
		{9BB51DB5-77EC-474A-BCA2-8D015EEC3611}.Debug|Any CPU.Build.0 = Debug|Any CPU
		{9BB51DB5-77EC-474A-BCA2-8D015EEC3611}.Release|Any CPU.ActiveCfg = Release|Any CPU
		{9BB51DB5-77EC-474A-BCA2-8D015EEC3611}.Release|Any CPU.Build.0 = Release|Any CPU
	EndGlobalSection
	GlobalSection(SolutionProperties) = preSolution
		HideSolutionNode = FALSE
	EndGlobalSection
	GlobalSection(ExtensibilityGlobals) = postSolution
		SolutionGuid = {CDE79E80-37F0-406E-A85E-0CAFE3806E4B}
	EndGlobalSection
EndGlobal
